
Microsoft Visual Studio Solution File, Format Version 12.00
# Visual Studio Version 17
VisualStudioVersion = 17.6.33723.286
MinimumVisualStudioVersion = 10.0.40219.1
Project("{FAE04EC0-301F-11D3-BF4B-00C04F79EFBC}") = "InspimoDesignPattern1", "InspimoDesignPattern1\InspimoDesignPattern1.csproj", "{531A6951-4BC9-46E9-984F-0CF0FB1A2FE4}"
EndProject
Global
	GlobalSection(SolutionConfigurationPlatforms) = preSolution
		Debug|Any CPU = Debug|Any CPU
		Release|Any CPU = Release|Any CPU
	EndGlobalSection
	GlobalSection(ProjectConfigurationPlatforms) = postSolution
		{531A6951-4BC9-46E9-984F-0CF0FB1A2FE4}.Debug|Any CPU.ActiveCfg = Debug|Any CPU
		{531A6951-4BC9-46E9-984F-0CF0FB1A2FE4}.Debug|Any CPU.Build.0 = Debug|Any CPU
		{531A6951-4BC9-46E9-984F-0CF0FB1A2FE4}.Release|Any CPU.ActiveCfg = Release|Any CPU
		{531A6951-4BC9-46E9-984F-0CF0FB1A2FE4}.Release|Any CPU.Build.0 = Release|Any CPU
	EndGlobalSection
	GlobalSection(SolutionProperties) = preSolution
		HideSolutionNode = FALSE
	EndGlobalSection
	GlobalSection(ExtensibilityGlobals) = postSolution
		SolutionGuid = {CDAB463D-105E-4E95-A20C-CB88FEE81519}
	EndGlobalSection
EndGlobal
